
Microsoft Visual Studio Solution File, Format Version 12.00
# Visual Studio Version 17
VisualStudioVersion = 17.0.32112.339
MinimumVisualStudioVersion = 10.0.40219.1
Project("{FAE04EC0-301F-11D3-BF4B-00C04F79EFBC}") = "Circuits", "Circuits\Circuits.csproj", "{862AD8B3-C208-4C79-B29F-456600CFF316}"
EndProject
Global
	GlobalSection(SolutionConfigurationPlatforms) = preSolution
		Debug|Any CPU = Debug|Any CPU
		Release|Any CPU = Release|Any CPU
	EndGlobalSection
	GlobalSection(ProjectConfigurationPlatforms) = postSolution
		{862AD8B3-C208-4C79-B29F-456600CFF316}.Debug|Any CPU.ActiveCfg = Debug|Any CPU
		{862AD8B3-C208-4C79-B29F-456600CFF316}.Debug|Any CPU.Build.0 = Debug|Any CPU
		{862AD8B3-C208-4C79-B29F-456600CFF316}.Release|Any CPU.ActiveCfg = Release|Any CPU
		{862AD8B3-C208-4C79-B29F-456600CFF316}.Release|Any CPU.Build.0 = Release|Any CPU
	EndGlobalSection
	GlobalSection(SolutionProperties) = preSolution
		HideSolutionNode = FALSE
	EndGlobalSection
	GlobalSection(ExtensibilityGlobals) = postSolution
		SolutionGuid = {287FFE99-37D9-40FC-A4A7-F852640EA5CD}
	EndGlobalSection
EndGlobal
